// !$*UTF8*$!
{
	archiveVersion = 1;
	classes = {
	};
	objectVersion = 56;
	objects = {

/* Begin PBXBuildFile section */
		17D8A079C83B2C1814C53DA7 /* Pods_CoinEscora.framework in Frameworks */ = {isa = PBXBuildFile; fileRef = 39D5833EDB4F3B39C5C98533 /* Pods_CoinEscora.framework */; };
		66A4C2A32981A8B000F3CB81 /* AppDelegate.swift in Sources */ = {isa = PBXBuildFile; fileRef = 66A4C2A22981A8B000F3CB81 /* AppDelegate.swift */; };
		66A4C2A52981A8B000F3CB81 /* SceneDelegate.swift in Sources */ = {isa = PBXBuildFile; fileRef = 66A4C2A42981A8B000F3CB81 /* SceneDelegate.swift */; };
		66A4C2AC2981A8B100F3CB81 /* Assets.xcassets in Resources */ = {isa = PBXBuildFile; fileRef = 66A4C2AB2981A8B100F3CB81 /* Assets.xcassets */; };
		66A4C2AF2981A8B100F3CB81 /* LaunchScreen.storyboard in Resources */ = {isa = PBXBuildFile; fileRef = 66A4C2AD2981A8B100F3CB81 /* LaunchScreen.storyboard */; };
		66A4C2B82981AA6500F3CB81 /* CoinListViewController.swift in Sources */ = {isa = PBXBuildFile; fileRef = 66A4C2B72981AA6500F3CB81 /* CoinListViewController.swift */; };
		66A4C2BD2981AA9C00F3CB81 /* Coin.swift in Sources */ = {isa = PBXBuildFile; fileRef = 66A4C2BC2981AA9C00F3CB81 /* Coin.swift */; };
		66A4C2C02981AFB200F3CB81 /* SimpleNetworkHelper.swift in Sources */ = {isa = PBXBuildFile; fileRef = 66A4C2BF2981AFB200F3CB81 /* SimpleNetworkHelper.swift */; };
		66A4C2C22981B84C00F3CB81 /* CoinDetailViewController.swift in Sources */ = {isa = PBXBuildFile; fileRef = 66A4C2C12981B84C00F3CB81 /* CoinDetailViewController.swift */; };
		66A4C2C42981B9E400F3CB81 /* CoinDetail.swift in Sources */ = {isa = PBXBuildFile; fileRef = 66A4C2C32981B9E400F3CB81 /* CoinDetail.swift */; };
		66B76BF3298415B90014530D /* CoinLogoHeaderListCell.swift in Sources */ = {isa = PBXBuildFile; fileRef = 66B76BF2298415B90014530D /* CoinLogoHeaderListCell.swift */; };
/* End PBXBuildFile section */

/* Begin PBXFileReference section */
		39D5833EDB4F3B39C5C98533 /* Pods_CoinEscora.framework */ = {isa = PBXFileReference; explicitFileType = wrapper.framework; includeInIndex = 0; path = Pods_CoinEscora.framework; sourceTree = BUILT_PRODUCTS_DIR; };
		66A4C29F2981A8B000F3CB81 /* CoinEscora.app */ = {isa = PBXFileReference; explicitFileType = wrapper.application; includeInIndex = 0; path = CoinEscora.app; sourceTree = BUILT_PRODUCTS_DIR; };
		66A4C2A22981A8B000F3CB81 /* AppDelegate.swift */ = {isa = PBXFileReference; lastKnownFileType = sourcecode.swift; path = AppDelegate.swift; sourceTree = "<group>"; };
		66A4C2A42981A8B000F3CB81 /* SceneDelegate.swift */ = {isa = PBXFileReference; lastKnownFileType = sourcecode.swift; path = SceneDelegate.swift; sourceTree = "<group>"; };
		66A4C2AB2981A8B100F3CB81 /* Assets.xcassets */ = {isa = PBXFileReference; lastKnownFileType = folder.assetcatalog; path = Assets.xcassets; sourceTree = "<group>"; };
		66A4C2AE2981A8B100F3CB81 /* Base */ = {isa = PBXFileReference; lastKnownFileType = file.storyboard; name = Base; path = Base.lproj/LaunchScreen.storyboard; sourceTree = "<group>"; };
		66A4C2B02981A8B100F3CB81 /* Info.plist */ = {isa = PBXFileReference; lastKnownFileType = text.plist.xml; path = Info.plist; sourceTree = "<group>"; };
		66A4C2B72981AA6500F3CB81 /* CoinListViewController.swift */ = {isa = PBXFileReference; lastKnownFileType = sourcecode.swift; path = CoinListViewController.swift; sourceTree = "<group>"; };
		66A4C2BC2981AA9C00F3CB81 /* Coin.swift */ = {isa = PBXFileReference; lastKnownFileType = sourcecode.swift; path = Coin.swift; sourceTree = "<group>"; };
		66A4C2BF2981AFB200F3CB81 /* SimpleNetworkHelper.swift */ = {isa = PBXFileReference; fileEncoding = 4; lastKnownFileType = sourcecode.swift; path = SimpleNetworkHelper.swift; sourceTree = "<group>"; };
		66A4C2C12981B84C00F3CB81 /* CoinDetailViewController.swift */ = {isa = PBXFileReference; lastKnownFileType = sourcecode.swift; path = CoinDetailViewController.swift; sourceTree = "<group>"; };
		66A4C2C32981B9E400F3CB81 /* CoinDetail.swift */ = {isa = PBXFileReference; lastKnownFileType = sourcecode.swift; path = CoinDetail.swift; sourceTree = "<group>"; };
		66B76BF2298415B90014530D /* CoinLogoHeaderListCell.swift */ = {isa = PBXFileReference; lastKnownFileType = sourcecode.swift; path = CoinLogoHeaderListCell.swift; sourceTree = "<group>"; };
		A66DDCE17F789E3396D97B46 /* Pods-CoinEscora.debug.xcconfig */ = {isa = PBXFileReference; includeInIndex = 1; lastKnownFileType = text.xcconfig; name = "Pods-CoinEscora.debug.xcconfig"; path = "Target Support Files/Pods-CoinEscora/Pods-CoinEscora.debug.xcconfig"; sourceTree = "<group>"; };
		E8EFBC34CE56485DD60A4671 /* Pods-CoinEscora.release.xcconfig */ = {isa = PBXFileReference; includeInIndex = 1; lastKnownFileType = text.xcconfig; name = "Pods-CoinEscora.release.xcconfig"; path = "Target Support Files/Pods-CoinEscora/Pods-CoinEscora.release.xcconfig"; sourceTree = "<group>"; };
/* End PBXFileReference section */

/* Begin PBXFrameworksBuildPhase section */
		66A4C29C2981A8B000F3CB81 /* Frameworks */ = {
			isa = PBXFrameworksBuildPhase;
			buildActionMask = 2147483647;
			files = (
				17D8A079C83B2C1814C53DA7 /* Pods_CoinEscora.framework in Frameworks */,
			);
			runOnlyForDeploymentPostprocessing = 0;
		};
/* End PBXFrameworksBuildPhase section */

/* Begin PBXGroup section */
		11A35C8A609D5EE0F6614E13 /* Frameworks */ = {
			isa = PBXGroup;
			children = (
				39D5833EDB4F3B39C5C98533 /* Pods_CoinEscora.framework */,
			);
			name = Frameworks;
			sourceTree = "<group>";
		};
		66A4C2962981A8B000F3CB81 = {
			isa = PBXGroup;
			children = (
				66A4C2A12981A8B000F3CB81 /* CoinEscora */,
				66A4C2A02981A8B000F3CB81 /* Products */,
				7849AF07BC8B7CE6E677D5D5 /* Pods */,
				11A35C8A609D5EE0F6614E13 /* Frameworks */,
			);
			sourceTree = "<group>";
		};
		66A4C2A02981A8B000F3CB81 /* Products */ = {
			isa = PBXGroup;
			children = (
				66A4C29F2981A8B000F3CB81 /* CoinEscora.app */,
			);
			name = Products;
			sourceTree = "<group>";
		};
		66A4C2A12981A8B000F3CB81 /* CoinEscora */ = {
			isa = PBXGroup;
			children = (
				66A4C2A22981A8B000F3CB81 /* AppDelegate.swift */,
				66A4C2A42981A8B000F3CB81 /* SceneDelegate.swift */,
				66A4C2BE2981AFA600F3CB81 /* NetworkClasses */,
				66A4C2B92981AA7B00F3CB81 /* Model */,
				66A4C2B62981AA5300F3CB81 /* ViewController */,
				66A4C2AB2981A8B100F3CB81 /* Assets.xcassets */,
				66A4C2AD2981A8B100F3CB81 /* LaunchScreen.storyboard */,
				66A4C2B02981A8B100F3CB81 /* Info.plist */,
			);
			path = CoinEscora;
			sourceTree = "<group>";
		};
		66A4C2B62981AA5300F3CB81 /* ViewController */ = {
			isa = PBXGroup;
			children = (
				66A4C2B72981AA6500F3CB81 /* CoinListViewController.swift */,
				66A4C2C12981B84C00F3CB81 /* CoinDetailViewController.swift */,
				66B76BF12984158A0014530D /* Cell */,
			);
			path = ViewController;
			sourceTree = "<group>";
		};
		66A4C2B92981AA7B00F3CB81 /* Model */ = {
			isa = PBXGroup;
			children = (
				66A4C2BC2981AA9C00F3CB81 /* Coin.swift */,
				66A4C2C32981B9E400F3CB81 /* CoinDetail.swift */,
			);
			path = Model;
			sourceTree = "<group>";
		};
		66A4C2BE2981AFA600F3CB81 /* NetworkClasses */ = {
			isa = PBXGroup;
			children = (
				66A4C2BF2981AFB200F3CB81 /* SimpleNetworkHelper.swift */,
			);
			path = NetworkClasses;
			sourceTree = "<group>";
		};
		66B76BF12984158A0014530D /* Cell */ = {
			isa = PBXGroup;
			children = (
				66B76BF2298415B90014530D /* CoinLogoHeaderListCell.swift */,
			);
			path = Cell;
			sourceTree = "<group>";
		};
		7849AF07BC8B7CE6E677D5D5 /* Pods */ = {
			isa = PBXGroup;
			children = (
				A66DDCE17F789E3396D97B46 /* Pods-CoinEscora.debug.xcconfig */,
				E8EFBC34CE56485DD60A4671 /* Pods-CoinEscora.release.xcconfig */,
			);
			path = Pods;
			sourceTree = "<group>";
		};
/* End PBXGroup section */

/* Begin PBXNativeTarget section */
		66A4C29E2981A8B000F3CB81 /* CoinEscora */ = {
			isa = PBXNativeTarget;
			buildConfigurationList = 66A4C2B32981A8B100F3CB81 /* Build configuration list for PBXNativeTarget "CoinEscora" */;
			buildPhases = (
				4639E87043DCA3877176859B /* [CP] Check Pods Manifest.lock */,
				66A4C29B2981A8B000F3CB81 /* Sources */,
				66A4C29C2981A8B000F3CB81 /* Frameworks */,
				66A4C29D2981A8B000F3CB81 /* Resources */,
				B6EC9860378D568E8BB3936F /* [CP] Embed Pods Frameworks */,
			);
			buildRules = (
			);
			dependencies = (
			);
			name = CoinEscora;
			productName = CoinEscora;
			productReference = 66A4C29F2981A8B000F3CB81 /* CoinEscora.app */;
			productType = "com.apple.product-type.application";
		};
/* End PBXNativeTarget section */

/* Begin PBXProject section */
		66A4C2972981A8B000F3CB81 /* Project object */ = {
			isa = PBXProject;
			attributes = {
				BuildIndependentTargetsInParallel = 1;
				LastSwiftUpdateCheck = 1420;
				LastUpgradeCheck = 1420;
				TargetAttributes = {
					66A4C29E2981A8B000F3CB81 = {
						CreatedOnToolsVersion = 14.2;
					};
				};
			};
			buildConfigurationList = 66A4C29A2981A8B000F3CB81 /* Build configuration list for PBXProject "CoinEscora" */;
			compatibilityVersion = "Xcode 14.0";
			developmentRegion = en;
			hasScannedForEncodings = 0;
			knownRegions = (
				en,
				Base,
			);
			mainGroup = 66A4C2962981A8B000F3CB81;
			productRefGroup = 66A4C2A02981A8B000F3CB81 /* Products */;
			projectDirPath = "";
			projectRoot = "";
			targets = (
				66A4C29E2981A8B000F3CB81 /* CoinEscora */,
			);
		};
/* End PBXProject section */

/* Begin PBXResourcesBuildPhase section */
		66A4C29D2981A8B000F3CB81 /* Resources */ = {
			isa = PBXResourcesBuildPhase;
			buildActionMask = 2147483647;
			files = (
				66A4C2AF2981A8B100F3CB81 /* LaunchScreen.storyboard in Resources */,
				66A4C2AC2981A8B100F3CB81 /* Assets.xcassets in Resources */,
			);
			runOnlyForDeploymentPostprocessing = 0;
		};
/* End PBXResourcesBuildPhase section */

/* Begin PBXShellScriptBuildPhase section */
		4639E87043DCA3877176859B /* [CP] Check Pods Manifest.lock */ = {
			isa = PBXShellScriptBuildPhase;
			buildActionMask = 2147483647;
			files = (
			);
			inputFileListPaths = (
			);
			inputPaths = (
				"${PODS_PODFILE_DIR_PATH}/Podfile.lock",
				"${PODS_ROOT}/Manifest.lock",
			);
			name = "[CP] Check Pods Manifest.lock";
			outputFileListPaths = (
			);
			outputPaths = (
				"$(DERIVED_FILE_DIR)/Pods-CoinEscora-checkManifestLockResult.txt",
			);
			runOnlyForDeploymentPostprocessing = 0;
			shellPath = /bin/sh;
			shellScript = "diff \"${PODS_PODFILE_DIR_PATH}/Podfile.lock\" \"${PODS_ROOT}/Manifest.lock\" > /dev/null\nif [ $? != 0 ] ; then\n    # print error to STDERR\n    echo \"error: The sandbox is not in sync with the Podfile.lock. Run 'pod install' or update your CocoaPods installation.\" >&2\n    exit 1\nfi\n# This output is used by Xcode 'outputs' to avoid re-running this script phase.\necho \"SUCCESS\" > \"${SCRIPT_OUTPUT_FILE_0}\"\n";
			showEnvVarsInLog = 0;
		};
		B6EC9860378D568E8BB3936F /* [CP] Embed Pods Frameworks */ = {
			isa = PBXShellScriptBuildPhase;
			buildActionMask = 2147483647;
			files = (
			);
			inputFileListPaths = (
				"${PODS_ROOT}/Target Support Files/Pods-CoinEscora/Pods-CoinEscora-frameworks-${CONFIGURATION}-input-files.xcfilelist",
			);
			name = "[CP] Embed Pods Frameworks";
			outputFileListPaths = (
				"${PODS_ROOT}/Target Support Files/Pods-CoinEscora/Pods-CoinEscora-frameworks-${CONFIGURATION}-output-files.xcfilelist",
			);
			runOnlyForDeploymentPostprocessing = 0;
			shellPath = /bin/sh;
			shellScript = "\"${PODS_ROOT}/Target Support Files/Pods-CoinEscora/Pods-CoinEscora-frameworks.sh\"\n";
			showEnvVarsInLog = 0;
		};
/* End PBXShellScriptBuildPhase section */

/* Begin PBXSourcesBuildPhase section */
		66A4C29B2981A8B000F3CB81 /* Sources */ = {
			isa = PBXSourcesBuildPhase;
			buildActionMask = 2147483647;
			files = (
				66A4C2B82981AA6500F3CB81 /* CoinListViewController.swift in Sources */,
				66A4C2A32981A8B000F3CB81 /* AppDelegate.swift in Sources */,
				66A4C2C42981B9E400F3CB81 /* CoinDetail.swift in Sources */,
				66A4C2BD2981AA9C00F3CB81 /* Coin.swift in Sources */,
				66A4C2C02981AFB200F3CB81 /* SimpleNetworkHelper.swift in Sources */,
				66A4C2C22981B84C00F3CB81 /* CoinDetailViewController.swift in Sources */,
				66B76BF3298415B90014530D /* CoinLogoHeaderListCell.swift in Sources */,
				66A4C2A52981A8B000F3CB81 /* SceneDelegate.swift in Sources */,
			);
			runOnlyForDeploymentPostprocessing = 0;
		};
/* End PBXSourcesBuildPhase section */

/* Begin PBXVariantGroup section */
		66A4C2AD2981A8B100F3CB81 /* LaunchScreen.storyboard */ = {
			isa = PBXVariantGroup;
			children = (
				66A4C2AE2981A8B100F3CB81 /* Base */,
			);
			name = LaunchScreen.storyboard;
			sourceTree = "<group>";
		};
/* End PBXVariantGroup section */

/* Begin XCBuildConfiguration section */
		66A4C2B12981A8B100F3CB81 /* Debug */ = {
			isa = XCBuildConfiguration;
			buildSettings = {
				ALWAYS_SEARCH_USER_PATHS = NO;
				CLANG_ANALYZER_NONNULL = YES;
				CLANG_ANALYZER_NUMBER_OBJECT_CONVERSION = YES_AGGRESSIVE;
				CLANG_CXX_LANGUAGE_STANDARD = "gnu++20";
				CLANG_ENABLE_MODULES = YES;
				CLANG_ENABLE_OBJC_ARC = YES;
				CLANG_ENABLE_OBJC_WEAK = YES;
				CLANG_WARN_BLOCK_CAPTURE_AUTORELEASING = YES;
				CLANG_WARN_BOOL_CONVERSION = YES;
				CLANG_WARN_COMMA = YES;
				CLANG_WARN_CONSTANT_CONVERSION = YES;
				CLANG_WARN_DEPRECATED_OBJC_IMPLEMENTATIONS = YES;
				CLANG_WARN_DIRECT_OBJC_ISA_USAGE = YES_ERROR;
				CLANG_WARN_DOCUMENTATION_COMMENTS = YES;
				CLANG_WARN_EMPTY_BODY = YES;
				CLANG_WARN_ENUM_CONVERSION = YES;
				CLANG_WARN_INFINITE_RECURSION = YES;
				CLANG_WARN_INT_CONVERSION = YES;
				CLANG_WARN_NON_LITERAL_NULL_CONVERSION = YES;
				CLANG_WARN_OBJC_IMPLICIT_RETAIN_SELF = YES;
				CLANG_WARN_OBJC_LITERAL_CONVERSION = YES;
				CLANG_WARN_OBJC_ROOT_CLASS = YES_ERROR;
				CLANG_WARN_QUOTED_INCLUDE_IN_FRAMEWORK_HEADER = YES;
				CLANG_WARN_RANGE_LOOP_ANALYSIS = YES;
				CLANG_WARN_STRICT_PROTOTYPES = YES;
				CLANG_WARN_SUSPICIOUS_MOVE = YES;
				CLANG_WARN_UNGUARDED_AVAILABILITY = YES_AGGRESSIVE;
				CLANG_WARN_UNREACHABLE_CODE = YES;
				CLANG_WARN__DUPLICATE_METHOD_MATCH = YES;
				COPY_PHASE_STRIP = NO;
				DEBUG_INFORMATION_FORMAT = dwarf;
				ENABLE_STRICT_OBJC_MSGSEND = YES;
				ENABLE_TESTABILITY = YES;
				GCC_C_LANGUAGE_STANDARD = gnu11;
				GCC_DYNAMIC_NO_PIC = NO;
				GCC_NO_COMMON_BLOCKS = YES;
				GCC_OPTIMIZATION_LEVEL = 0;
				GCC_PREPROCESSOR_DEFINITIONS = (
					"DEBUG=1",
					"$(inherited)",
				);
				GCC_WARN_64_TO_32_BIT_CONVERSION = YES;
				GCC_WARN_ABOUT_RETURN_TYPE = YES_ERROR;
				GCC_WARN_UNDECLARED_SELECTOR = YES;
				GCC_WARN_UNINITIALIZED_AUTOS = YES_AGGRESSIVE;
				GCC_WARN_UNUSED_FUNCTION = YES;
				GCC_WARN_UNUSED_VARIABLE = YES;
				IPHONEOS_DEPLOYMENT_TARGET = 16.2;
				MTL_ENABLE_DEBUG_INFO = INCLUDE_SOURCE;
				MTL_FAST_MATH = YES;
				ONLY_ACTIVE_ARCH = YES;
				SDKROOT = iphoneos;
				SWIFT_ACTIVE_COMPILATION_CONDITIONS = DEBUG;
				SWIFT_OPTIMIZATION_LEVEL = "-Onone";
			};
			name = Debug;
		};
		66A4C2B22981A8B100F3CB81 /* Release */ = {
			isa = XCBuildConfiguration;
			buildSettings = {
				ALWAYS_SEARCH_USER_PATHS = NO;
				CLANG_ANALYZER_NONNULL = YES;
				CLANG_ANALYZER_NUMBER_OBJECT_CONVERSION = YES_AGGRESSIVE;
				CLANG_CXX_LANGUAGE_STANDARD = "gnu++20";
				CLANG_ENABLE_MODULES = YES;
				CLANG_ENABLE_OBJC_ARC = YES;
				CLANG_ENABLE_OBJC_WEAK = YES;
				CLANG_WARN_BLOCK_CAPTURE_AUTORELEASING = YES;
				CLANG_WARN_BOOL_CONVERSION = YES;
				CLANG_WARN_COMMA = YES;
				CLANG_WARN_CONSTANT_CONVERSION = YES;
				CLANG_WARN_DEPRECATED_OBJC_IMPLEMENTATIONS = YES;
				CLANG_WARN_DIRECT_OBJC_ISA_USAGE = YES_ERROR;
				CLANG_WARN_DOCUMENTATION_COMMENTS = YES;
				CLANG_WARN_EMPTY_BODY = YES;
				CLANG_WARN_ENUM_CONVERSION = YES;
				CLANG_WARN_INFINITE_RECURSION = YES;
				CLANG_WARN_INT_CONVERSION = YES;
				CLANG_WARN_NON_LITERAL_NULL_CONVERSION = YES;
				CLANG_WARN_OBJC_IMPLICIT_RETAIN_SELF = YES;
				CLANG_WARN_OBJC_LITERAL_CONVERSION = YES;
				CLANG_WARN_OBJC_ROOT_CLASS = YES_ERROR;
				CLANG_WARN_QUOTED_INCLUDE_IN_FRAMEWORK_HEADER = YES;
				CLANG_WARN_RANGE_LOOP_ANALYSIS = YES;
				CLANG_WARN_STRICT_PROTOTYPES = YES;
				CLANG_WARN_SUSPICIOUS_MOVE = YES;
				CLANG_WARN_UNGUARDED_AVAILABILITY = YES_AGGRESSIVE;
				CLANG_WARN_UNREACHABLE_CODE = YES;
				CLANG_WARN__DUPLICATE_METHOD_MATCH = YES;
				COPY_PHASE_STRIP = NO;
				DEBUG_INFORMATION_FORMAT = "dwarf-with-dsym";
				ENABLE_NS_ASSERTIONS = NO;
				ENABLE_STRICT_OBJC_MSGSEND = YES;
				GCC_C_LANGUAGE_STANDARD = gnu11;
				GCC_NO_COMMON_BLOCKS = YES;
				GCC_WARN_64_TO_32_BIT_CONVERSION = YES;
				GCC_WARN_ABOUT_RETURN_TYPE = YES_ERROR;
				GCC_WARN_UNDECLARED_SELECTOR = YES;
				GCC_WARN_UNINITIALIZED_AUTOS = YES_AGGRESSIVE;
				GCC_WARN_UNUSED_FUNCTION = YES;
				GCC_WARN_UNUSED_VARIABLE = YES;
				IPHONEOS_DEPLOYMENT_TARGET = 16.2;
				MTL_ENABLE_DEBUG_INFO = NO;
				MTL_FAST_MATH = YES;
				SDKROOT = iphoneos;
				SWIFT_COMPILATION_MODE = wholemodule;
				SWIFT_OPTIMIZATION_LEVEL = "-O";
				VALIDATE_PRODUCT = YES;
			};
			name = Release;
		};
		66A4C2B42981A8B100F3CB81 /* Debug */ = {
			isa = XCBuildConfiguration;
			baseConfigurationReference = A66DDCE17F789E3396D97B46 /* Pods-CoinEscora.debug.xcconfig */;
			buildSettings = {
				ASSETCATALOG_COMPILER_APPICON_NAME = AppIcon;
				ASSETCATALOG_COMPILER_GLOBAL_ACCENT_COLOR_NAME = AccentColor;
				CODE_SIGN_STYLE = Automatic;
				CURRENT_PROJECT_VERSION = 1;
				DEVELOPMENT_TEAM = 3YKHZ9Y77T;
				GENERATE_INFOPLIST_FILE = YES;
				INFOPLIST_FILE = CoinEscora/Info.plist;
				INFOPLIST_KEY_CFBundleDisplayName = "Coin Escora";
				INFOPLIST_KEY_UIApplicationSupportsIndirectInputEvents = YES;
				INFOPLIST_KEY_UILaunchStoryboardName = LaunchScreen;
				INFOPLIST_KEY_UISupportedInterfaceOrientations_iPad = "UIInterfaceOrientationPortrait UIInterfaceOrientationPortraitUpsideDown UIInterfaceOrientationLandscapeLeft UIInterfaceOrientationLandscapeRight";
				INFOPLIST_KEY_UISupportedInterfaceOrientations_iPhone = "UIInterfaceOrientationPortrait UIInterfaceOrientationLandscapeLeft UIInterfaceOrientationLandscapeRight";
				LD_RUNPATH_SEARCH_PATHS = (
					"$(inherited)",
					"@executable_path/Frameworks",
				);
				MARKETING_VERSION = 1.0;
				PRODUCT_BUNDLE_IDENTIFIER = com.shwait.CoinEscora;
				PRODUCT_NAME = "$(TARGET_NAME)";
				SWIFT_EMIT_LOC_STRINGS = YES;
				SWIFT_VERSION = 5.0;
				TARGETED_DEVICE_FAMILY = "1,2";
			};
			name = Debug;
		};
		66A4C2B52981A8B100F3CB81 /* Release */ = {
			isa = XCBuildConfiguration;
			baseConfigurationReference = E8EFBC34CE56485DD60A4671 /* Pods-CoinEscora.release.xcconfig */;
			buildSettings = {
				ASSETCATALOG_COMPILER_APPICON_NAME = AppIcon;
				ASSETCATALOG_COMPILER_GLOBAL_ACCENT_COLOR_NAME = AccentColor;
				CODE_SIGN_STYLE = Automatic;
				CURRENT_PROJECT_VERSION = 1;
				DEVELOPMENT_TEAM = 3YKHZ9Y77T;
				GENERATE_INFOPLIST_FILE = YES;
				INFOPLIST_FILE = CoinEscora/Info.plist;
				INFOPLIST_KEY_CFBundleDisplayName = "Coin Escora";
				INFOPLIST_KEY_UIApplicationSupportsIndirectInputEvents = YES;
				INFOPLIST_KEY_UILaunchStoryboardName = LaunchScreen;
				INFOPLIST_KEY_UISupportedInterfaceOrientations_iPad = "UIInterfaceOrientationPortrait UIInterfaceOrientationPortraitUpsideDown UIInterfaceOrientationLandscapeLeft UIInterfaceOrientationLandscapeRight";
				INFOPLIST_KEY_UISupportedInterfaceOrientations_iPhone = "UIInterfaceOrientationPortrait UIInterfaceOrientationLandscapeLeft UIInterfaceOrientationLandscapeRight";
				LD_RUNPATH_SEARCH_PATHS = (
					"$(inherited)",
					"@executable_path/Frameworks",
				);
				MARKETING_VERSION = 1.0;
				PRODUCT_BUNDLE_IDENTIFIER = com.shwait.CoinEscora;
				PRODUCT_NAME = "$(TARGET_NAME)";
				SWIFT_EMIT_LOC_STRINGS = YES;
				SWIFT_VERSION = 5.0;
				TARGETED_DEVICE_FAMILY = "1,2";
			};
			name = Release;
		};
/* End XCBuildConfiguration section */

/* Begin XCConfigurationList section */
		66A4C29A2981A8B000F3CB81 /* Build configuration list for PBXProject "CoinEscora" */ = {
			isa = XCConfigurationList;
			buildConfigurations = (
				66A4C2B12981A8B100F3CB81 /* Debug */,
				66A4C2B22981A8B100F3CB81 /* Release */,
			);
			defaultConfigurationIsVisible = 0;
			defaultConfigurationName = Release;
		};
		66A4C2B32981A8B100F3CB81 /* Build configuration list for PBXNativeTarget "CoinEscora" */ = {
			isa = XCConfigurationList;
			buildConfigurations = (
				66A4C2B42981A8B100F3CB81 /* Debug */,
				66A4C2B52981A8B100F3CB81 /* Release */,
			);
			defaultConfigurationIsVisible = 0;
			defaultConfigurationName = Release;
		};
/* End XCConfigurationList section */
	};
	rootObject = 66A4C2972981A8B000F3CB81 /* Project object */;
}
